<?xml version="1.0" encoding="utf-8"?>
<Project ToolsVersion="4.0" xmlns="http://schemas.microsoft.com/developer/msbuild/2003">
  <ItemGroup>
    <ClCompile Include="Sources\Artifact.cpp" />
    <ClCompile Include="Sources\BlackholeGun.cpp" />
    <ClCompile Include="Sources\BlackholeGunBullet.cpp" />
    <ClCompile Include="Sources\Character.cpp" />
    <ClCompile Include="Sources\Charger.cpp" />
    <ClCompile Include="Sources\GrenadeLauncher.cpp" />
    <ClCompile Include="Sources\GrenadeLauncherBullet.cpp" />
    <ClCompile Include="Sources\GroundDash.cpp" />
    <ClCompile Include="Sources\GroundPatrol.cpp" />
    <ClCompile Include="Sources\Explosion.cpp" />
    <ClCompile Include="Sources\AirDash.cpp" />
    <ClCompile Include="Sources\AirFollowing.cpp" />
    <ClCompile Include="Sources\AirPatrol.cpp" />
    <ClCompile Include="Sources\Bomber.cpp" />
    <ClCompile Include="Sources\DeQueen.cpp" />
    <ClCompile Include="Sources\Enemy.cpp" />
    <ClCompile Include="Sources\EnemySpawner.cpp" />
    <ClCompile Include="Sources\Flyer.cpp" />
    <ClCompile Include="Sources\GameController.cpp" />
    <ClCompile Include="Sources\HPsystem.cpp" />
    <ClCompile Include="Sources\EquipmentManager.cpp" />
    <ClCompile Include="Sources\LaserGun.cpp" />
    <ClCompile Include="Sources\LoadoutUI.cpp" />
    <ClCompile Include="Sources\MachineGun.cpp" />
    <ClCompile Include="Sources\MachineGunBullet.cpp" />
    <ClCompile Include="Sources\main.cpp" />
    <ClCompile Include="Sources\ObjectShooter.cpp" />
    <ClCompile Include="Sources\PlayerController.cpp" />
    <ClCompile Include="Sources\Scripts\GameControl\PlayerData.cpp" />
    <ClCompile Include="Sources\Scripts\Weapons\Bullet.cpp" />
    <ClCompile Include="Sources\Spitter.cpp" />
    <ClCompile Include="Sources\Tank.cpp" />
    <ClCompile Include="Sources\World.cpp" />
    <ClCompile Include="Sources\ZapperGun.cpp" />
    <ClCompile Include="Sources\ZapperGunBullet.cpp" />
    <ClCompile Include="Sources\Scripts\GameControl\UIController.cpp" />
    <ClCompile Include="Sources\ItemDrop.cpp" />
    <ClCompile Include="Sources\Scripts\Weapons\FlakBullet.cpp" />
    <ClCompile Include="Sources\HighScoreUI.cpp" />
    <ClCompile Include="Sources\Scripts\GameControl\SoundtrackController.cpp" />
    <ClCompile Include="Sources\Scripts\GameControl\CameraController.cpp" />
    <ClCompile Include="Sources\Cocoon.cpp" />
    <ClCompile Include="Sources\Scripts\Misc\TargetArrow.cpp" />
  </ItemGroup>
  <ItemGroup>
    <ClInclude Include="Sources\Artifact.hpp" />
    <ClInclude Include="Sources\Character.hpp" />
    <ClInclude Include="Sources\GroundDash.hpp" />
    <ClInclude Include="Sources\GroundPatrol.hpp" />
    <ClInclude Include="Sources\Explosion.hpp" />
    <ClInclude Include="Sources\AirDash.hpp" />
    <ClInclude Include="Sources\AirFollowing.hpp" />
    <ClInclude Include="Sources\AirPatrol.hpp" />
    <ClInclude Include="Sources\Enemy.hpp" />
    <ClInclude Include="Sources\EnemyBehaviour.hpp" />
    <ClInclude Include="Sources\EnemyBehaviours.h" />
    <ClInclude Include="Sources\EnemySpawner.hpp" />
    <ClInclude Include="Sources\Equipment.hpp" />
    <ClInclude Include="Sources\GameController.hpp" />
    <ClInclude Include="Sources\HPsystem.hpp" />
    <ClInclude Include="Sources\EquipmentManager.hpp" />
    <ClInclude Include="Sources\LoadoutUI.hpp" />
    <ClInclude Include="Sources\ObjectShooter.h" />
    <ClInclude Include="Sources\PlayerController.hpp" />
    <ClInclude Include="Sources\Scripts\GameControl\PlayerData.hpp" />
    <ClInclude Include="Sources\Weapon.hpp" />
    <ClInclude Include="Sources\World.hpp" />
    <ClInclude Include="Sources\Scripts\GameControl\UIController.h" />
    <ClInclude Include="Sources\ItemDrop.hpp" />
    <ClInclude Include="Sources\HighScoreUI.hpp" />
    <ClInclude Include="Sources\Scripts\GameControl\SoundtrackController.h" />
    <ClInclude Include="Sources\Scripts\GameControl\CameraController.h" />
    <ClInclude Include="Sources\Scripts\Misc\TargetArrow.h" />
  </ItemGroup>
  <ItemGroup>
    <None Include="Sources\Shader\fragment.shd" />
    <None Include="Sources\Shader\vertext.shd" />
  </ItemGroup>
</Project>